<?xml version="1.0" encoding="utf-8"?>
<Project ToolsVersion="4.0" xmlns="http://schemas.microsoft.com/developer/msbuild/2003">
  <ItemGroup>
    <Filter Include="Public">
      <UniqueIdentifier>{93995380-89BD-4b04-88EB-625FBE52EBFB}</UniqueIdentifier>
      <Extensions>h;hh;hpp;hxx;h++;hm;inl;inc;ipp;xsd</Extensions>
    </Filter>
    <Filter Include="Resources">
      <UniqueIdentifier>{67DA6AB6-F800-4c08-8B7A-83BB121AAD01}</UniqueIdentifier>
      <Extensions>rc;ico;cur;bmp;dlg;rc2;rct;bin;rgs;gif;jpg;jpeg;jpe;resx;tiff;tif;png;wav;mfcribbon-ms</Extensions>
    </Filter>
    <Filter Include="Private">
      <UniqueIdentifier>{4FC737F1-C7A5-4376-A066-2A32D752A2FF}</UniqueIdentifier>
      <Extensions>cpp;c;cc;cxx;c++;cppm;ixx;def;odl;idl;hpj;bat;asm;asmx</Extensions>
    </Filter>
    <Filter Include="Private\DX12">
      <UniqueIdentifier>{4d5a0dd4-7b61-4242-ab2f-c2fde164c257}</UniqueIdentifier>
    </Filter>
    <Filter Include="Public\DX12">
      <UniqueIdentifier>{ae1e94f7-2adb-4f40-a9a3-901e1946b637}</UniqueIdentifier>
    </Filter>
    <Filter Include="Public\PCH">
      <UniqueIdentifier>{3411be3a-d486-487a-a2e5-8664c1231d5e}</UniqueIdentifier>
    </Filter>
    <Filter Include="Public\OpenGL">
      <UniqueIdentifier>{89ef493f-bb6c-482b-8700-63d37d837fe5}</UniqueIdentifier>
    </Filter>
    <Filter Include="Private\OpenGL">
      <UniqueIdentifier>{67eab90d-50dd-4aaf-a7f3-12b879ae011e}</UniqueIdentifier>
    </Filter>
    <Filter Include="Public\OpenGL\Primitives">
      <UniqueIdentifier>{240300cf-2d79-4a85-9911-745cba848e89}</UniqueIdentifier>
    </Filter>
    <Filter Include="Private\OpenGL\Primitives">
      <UniqueIdentifier>{4aae0e67-d257-4168-8049-eec3afab19d2}</UniqueIdentifier>
    </Filter>
  </ItemGroup>
  <ItemGroup>
    <ClCompile Include="Source\DX12\RendererDX.cpp">
      <Filter>Private\DX12</Filter>
    </ClCompile>
    <ClCompile Include="Source\DX12\Device.cpp">
      <Filter>Private\DX12</Filter>
    </ClCompile>
    <ClCompile Include="Source\DX12\CommandQueue.cpp">
      <Filter>Private\DX12</Filter>
    </ClCompile>
    <ClCompile Include="Source\DX12\IComponent.cpp">
      <Filter>Private\DX12</Filter>
    </ClCompile>
    <ClCompile Include="Source\DX12\SwapChain.cpp">
      <Filter>Private\DX12</Filter>
    </ClCompile>
    <ClCompile Include="Source\DX12\DxUtils.cpp">
      <Filter>Private\DX12</Filter>
    </ClCompile>
    <ClCompile Include="Source\DX12\Resources.cpp">
      <Filter>Private\DX12</Filter>
    </ClCompile>
    <ClCompile Include="Source\OpenGL\RendererGL.cpp">
      <Filter>Private\OpenGL</Filter>
    </ClCompile>
    <ClCompile Include="Source\OpenGL\RaycasterGL.cpp">
      <Filter>Private\OpenGL</Filter>
    </ClCompile>
    <ClCompile Include="Source\OpenGL\OpenGLWindow.cpp">
      <Filter>Private\OpenGL</Filter>
    </ClCompile>
    <ClCompile Include="Source\OpenGL\Primitives\Camera.cpp">
      <Filter>Private\OpenGL\Primitives</Filter>
    </ClCompile>
    <ClCompile Include="Source\Bee3D.cpp">
      <Filter>Public\PCH</Filter>
    </ClCompile>
  </ItemGroup>
  <ItemGroup>
    <ClInclude Include="Include\DX12\RendererDX.hpp">
      <Filter>Public\DX12</Filter>
    </ClInclude>
    <ClInclude Include="Include\Bee3D.hpp">
      <Filter>Public\PCH</Filter>
    </ClInclude>
    <ClInclude Include="Include\DX12\Device.hpp">
      <Filter>Public\DX12</Filter>
    </ClInclude>
    <ClInclude Include="Include\DX12\CommandQueue.hpp">
      <Filter>Public\DX12</Filter>
    </ClInclude>
    <ClInclude Include="Include\DX12\IComponent.hpp">
      <Filter>Public\DX12</Filter>
    </ClInclude>
    <ClInclude Include="Include\DX12\SwapChain.hpp">
      <Filter>Public\DX12</Filter>
    </ClInclude>
    <ClInclude Include="Include\DX12\DxUtils.hpp">
      <Filter>Public\DX12</Filter>
    </ClInclude>
    <ClInclude Include="Include\DX12\Resources.hpp">
      <Filter>Public\DX12</Filter>
    </ClInclude>
    <ClInclude Include="Include\OpenGL\RendererGL.hpp">
      <Filter>Public\OpenGL</Filter>
    </ClInclude>
    <ClInclude Include="Include\OpenGL\RaycasterGL.hpp">
      <Filter>Public\OpenGL</Filter>
    </ClInclude>
    <ClInclude Include="Include\OpenGL\OpenGLWindow.hpp">
      <Filter>Public\OpenGL</Filter>
    </ClInclude>
    <ClInclude Include="Include\OpenGL\Primitives\Camera.hpp">
      <Filter>Public\OpenGL\Primitives</Filter>
    </ClInclude>
  </ItemGroup>
</Project>